PODS:
  - Alamofire (4.7.3)
  - ESPullToRefresh (2.7)
  - Kingfisher (4.10.0)
  - NVActivityIndicatorView (4.4.0):
    - NVActivityIndicatorView/Presenter (= 4.4.0)
  - NVActivityIndicatorView/Presenter (4.4.0)
  - ReachabilitySwift (4.3.0)
  - SnapKit (4.0.1)
  - SwiftyJSON (4.2.0)

DEPENDENCIES:
  - Alamofire (~> 4.7)
  - ESPullToRefresh
  - Kingfisher
  - NVActivityIndicatorView
  - ReachabilitySwift
  - SnapKit (~> 4.0)
  - SwiftyJSON

SPEC REPOS:
  https://github.com/cocoapods/specs.git:
    - Alamofire
    - ESPullToRefresh
    - Kingfisher
    - NVActivityIndicatorView
    - ReachabilitySwift
    - SnapKit
    - SwiftyJSON

SPEC CHECKSUMS:
  Alamofire: c7287b6e5d7da964a70935e5db17046b7fde6568
  ESPullToRefresh: 119e2710b82b75536aab2bbe4883ba119fca35c8
  Kingfisher: 43c4b802d8b5256cf1f4379e9cd10b329be6d3e2
  NVActivityIndicatorView: ec7440a57af2450319d3a4181cca7da6fc127064
  ReachabilitySwift: 408477d1b6ed9779dba301953171e017c31241f3
  SnapKit: 0de968a9fec17499afa29683b05d0c775b6d1c29
  SwiftyJSON: c4bcba26dd9ec7a027fc8eade48e2c911f229e96

PODFILE CHECKSUM: 8fd92c1fada912fa4690d194077813b7658819e9

COCOAPODS: 1.5.3
